
Microsoft Visual Studio Solution File, Format Version 12.00
# Visual Studio 15
VisualStudioVersion = 15.0.28307.572
MinimumVisualStudioVersion = 10.0.40219.1
Project("{FAE04EC0-301F-11D3-BF4B-00C04F79EFBC}") = "ecommerce", "ecommerce\ecommerce.csproj", "{FC94C4B0-F441-4370-B86F-3D4D49A06609}"
EndProject
Global
	GlobalSection(SolutionConfigurationPlatforms) = preSolution
		Debug|Any CPU = Debug|Any CPU
		Release|Any CPU = Release|Any CPU
	EndGlobalSection
	GlobalSection(ProjectConfigurationPlatforms) = postSolution
		{FC94C4B0-F441-4370-B86F-3D4D49A06609}.Debug|Any CPU.ActiveCfg = Debug|Any CPU
		{FC94C4B0-F441-4370-B86F-3D4D49A06609}.Debug|Any CPU.Build.0 = Debug|Any CPU
		{FC94C4B0-F441-4370-B86F-3D4D49A06609}.Release|Any CPU.ActiveCfg = Release|Any CPU
		{FC94C4B0-F441-4370-B86F-3D4D49A06609}.Release|Any CPU.Build.0 = Release|Any CPU
	EndGlobalSection
	GlobalSection(SolutionProperties) = preSolution
		HideSolutionNode = FALSE
	EndGlobalSection
	GlobalSection(ExtensibilityGlobals) = postSolution
		SolutionGuid = {2B9E5B63-4F7C-44FD-B8D3-2C7F93E6F014}
	EndGlobalSection
EndGlobal
